
Microsoft Visual Studio Solution File, Format Version 12.00
# Visual Studio Version 17
VisualStudioVersion = 17.2.32519.379
MinimumVisualStudioVersion = 10.0.40219.1
Project("{9A19103F-16F7-4668-BE54-9A1E7A4F7556}") = "KamilMarek.Qa.LibrarySimulator.Application", "KamilMarek.Qa.LibrarySimulator.Application\KamilMarek.Qa.LibrarySimulator.Application.csproj", "{84916548-1B87-4039-9113-780A31148D90}"
EndProject
Project("{9A19103F-16F7-4668-BE54-9A1E7A4F7556}") = "KamilMarek.Qa.LibrarySimulator.Library", "KamilMarek.Qa.LibrarySimulator.Library\KamilMarek.Qa.LibrarySimulator.Library.csproj", "{0CD960E7-FFF3-486E-AD7E-69F1F8B2F465}"
EndProject
Project("{FAE04EC0-301F-11D3-BF4B-00C04F79EFBC}") = "KamilMarek.Qa.LibrarySimulator.Library.UnitTests", "KamilMarek.Qa.LibrarySimulator.Library.UnitTests\KamilMarek.Qa.LibrarySimulator.Library.UnitTests.csproj", "{29C88689-E9DC-48E2-8A0B-D7176767A918}"
EndProject
Global
	GlobalSection(SolutionConfigurationPlatforms) = preSolution
		Debug|Any CPU = Debug|Any CPU
		Release|Any CPU = Release|Any CPU
	EndGlobalSection
	GlobalSection(ProjectConfigurationPlatforms) = postSolution
		{84916548-1B87-4039-9113-780A31148D90}.Debug|Any CPU.ActiveCfg = Debug|Any CPU
		{84916548-1B87-4039-9113-780A31148D90}.Debug|Any CPU.Build.0 = Debug|Any CPU
		{84916548-1B87-4039-9113-780A31148D90}.Release|Any CPU.ActiveCfg = Release|Any CPU
		{84916548-1B87-4039-9113-780A31148D90}.Release|Any CPU.Build.0 = Release|Any CPU
		{0CD960E7-FFF3-486E-AD7E-69F1F8B2F465}.Debug|Any CPU.ActiveCfg = Debug|Any CPU
		{0CD960E7-FFF3-486E-AD7E-69F1F8B2F465}.Debug|Any CPU.Build.0 = Debug|Any CPU
		{0CD960E7-FFF3-486E-AD7E-69F1F8B2F465}.Release|Any CPU.ActiveCfg = Release|Any CPU
		{0CD960E7-FFF3-486E-AD7E-69F1F8B2F465}.Release|Any CPU.Build.0 = Release|Any CPU
		{29C88689-E9DC-48E2-8A0B-D7176767A918}.Debug|Any CPU.ActiveCfg = Debug|Any CPU
		{29C88689-E9DC-48E2-8A0B-D7176767A918}.Debug|Any CPU.Build.0 = Debug|Any CPU
		{29C88689-E9DC-48E2-8A0B-D7176767A918}.Release|Any CPU.ActiveCfg = Release|Any CPU
		{29C88689-E9DC-48E2-8A0B-D7176767A918}.Release|Any CPU.Build.0 = Release|Any CPU
	EndGlobalSection
	GlobalSection(SolutionProperties) = preSolution
		HideSolutionNode = FALSE
	EndGlobalSection
	GlobalSection(ExtensibilityGlobals) = postSolution
		SolutionGuid = {27BFBFAB-2FF8-4966-B21D-4EE4C19EE782}
	EndGlobalSection
EndGlobal
